{
  "name": "wechatminiprogram",
  "version": "1.0.0",
  "lockfileVersion": 1,
  "requires": true,
  "dependencies": {
    "miniprogram-computed": {
      "version": "2.0.2",
      "resolved": "https://registry.npm.taobao.org/miniprogram-computed/download/miniprogram-computed-2.0.2.tgz",
      "integrity": "sha1-QeOh+opUokQs8FlgnxhVOqoxy5w="
    }
  }
}
